
Microsoft Visual Studio Solution File, Format Version 12.00
# Visual Studio Version 16
VisualStudioVersion = 16.0.29409.12
MinimumVisualStudioVersion = 10.0.40219.1
Project("{FAE04EC0-301F-11D3-BF4B-00C04F79EFBC}") = "PriceDiff", "PriceDiff.csproj", "{05A42DF6-50CF-4D51-8ED2-6D18E14E7CBD}"
EndProject
Global
	GlobalSection(SolutionConfigurationPlatforms) = preSolution
		Debug|Any CPU = Debug|Any CPU
		Release|Any CPU = Release|Any CPU
	EndGlobalSection
	GlobalSection(ProjectConfigurationPlatforms) = postSolution
		{05A42DF6-50CF-4D51-8ED2-6D18E14E7CBD}.Debug|Any CPU.ActiveCfg = Debug|Any CPU
		{05A42DF6-50CF-4D51-8ED2-6D18E14E7CBD}.Debug|Any CPU.Build.0 = Debug|Any CPU
		{05A42DF6-50CF-4D51-8ED2-6D18E14E7CBD}.Release|Any CPU.ActiveCfg = Release|Any CPU
		{05A42DF6-50CF-4D51-8ED2-6D18E14E7CBD}.Release|Any CPU.Build.0 = Release|Any CPU
	EndGlobalSection
	GlobalSection(SolutionProperties) = preSolution
		HideSolutionNode = FALSE
	EndGlobalSection
	GlobalSection(ExtensibilityGlobals) = postSolution
		SolutionGuid = {5A04C71F-3F16-421B-81F4-AE67B8420F71}
	EndGlobalSection
EndGlobal
